// !$*UTF8*$!
{
	archiveVersion = 1;
	classes = {
	};
	objectVersion = 56;
	objects = {

/* Begin PBXBuildFile section */
		F096956F2C13888800A1A10A /* DetailViewControllerTest.swift in Sources */ = {isa = PBXBuildFile; fileRef = F0E700072C13371200DE728F /* DetailViewControllerTest.swift */; };
		F0E700012C122C9F00DE728F /* SnapshotTestConstants.swift in Sources */ = {isa = PBXBuildFile; fileRef = F0E700002C122C9F00DE728F /* SnapshotTestConstants.swift */; };
		F0E700042C1231A800DE728F /* InlineSnapshotTesting in Frameworks */ = {isa = PBXBuildFile; productRef = F0E700032C1231A800DE728F /* InlineSnapshotTesting */; };
		F0E700062C1231A800DE728F /* SnapshotTesting in Frameworks */ = {isa = PBXBuildFile; productRef = F0E700052C1231A800DE728F /* SnapshotTesting */; };
		F0E7000D2C1383F600DE728F /* PokemonMock.swift in Sources */ = {isa = PBXBuildFile; fileRef = F0E7000C2C1383F600DE728F /* PokemonMock.swift */; };
		F0E7000F2C13844E00DE728F /* PokemonRepositoryMock.swift in Sources */ = {isa = PBXBuildFile; fileRef = F0E7000E2C13844E00DE728F /* PokemonRepositoryMock.swift */; };
		F0E700112C13846E00DE728F /* PokemonVMMock.swift in Sources */ = {isa = PBXBuildFile; fileRef = F0E700102C13846E00DE728F /* PokemonVMMock.swift */; };
		F0E7FFF72C12051A00DE728F /* Quick in Frameworks */ = {isa = PBXBuildFile; productRef = F0E7FFF62C12051A00DE728F /* Quick */; };
		F0E7FFFA2C12053400DE728F /* Nimble in Frameworks */ = {isa = PBXBuildFile; productRef = F0E7FFF92C12053400DE728F /* Nimble */; };
		F0E7FFFC2C12257E00DE728F /* PokemonsRepositoryMock.swift in Sources */ = {isa = PBXBuildFile; fileRef = F0E7FFFB2C12257E00DE728F /* PokemonsRepositoryMock.swift */; };
		F0E7FFFF2C122C2600DE728F /* TableViewControllerTest.swift in Sources */ = {isa = PBXBuildFile; fileRef = F0E7FFFE2C122C2600DE728F /* TableViewControllerTest.swift */; };
		F0FA75342C0F4A3500613D80 /* AppDelegate.swift in Sources */ = {isa = PBXBuildFile; fileRef = F0FA75332C0F4A3500613D80 /* AppDelegate.swift */; };
		F0FA75362C0F4A3500613D80 /* SceneDelegate.swift in Sources */ = {isa = PBXBuildFile; fileRef = F0FA75352C0F4A3500613D80 /* SceneDelegate.swift */; };
		F0FA75382C0F4A3500613D80 /* TableViewController.swift in Sources */ = {isa = PBXBuildFile; fileRef = F0FA75372C0F4A3500613D80 /* TableViewController.swift */; };
		F0FA753D2C0F4A3700613D80 /* Assets.xcassets in Resources */ = {isa = PBXBuildFile; fileRef = F0FA753C2C0F4A3700613D80 /* Assets.xcassets */; };
		F0FA75402C0F4A3700613D80 /* Base in Resources */ = {isa = PBXBuildFile; fileRef = F0FA753F2C0F4A3700613D80 /* Base */; };
		F0FA75652C0F4E6F00613D80 /* TableView.swift in Sources */ = {isa = PBXBuildFile; fileRef = F0FA75642C0F4E6F00613D80 /* TableView.swift */; };
		F0FA75682C0F51D800613D80 /* CellView.swift in Sources */ = {isa = PBXBuildFile; fileRef = F0FA75672C0F51D800613D80 /* CellView.swift */; };
		F0FA756B2C0F5A2800613D80 /* DetailViewController.swift in Sources */ = {isa = PBXBuildFile; fileRef = F0FA756A2C0F5A2800613D80 /* DetailViewController.swift */; };
		F0FA756D2C0F5C2400613D80 /* DetailView.swift in Sources */ = {isa = PBXBuildFile; fileRef = F0FA756C2C0F5C2400613D80 /* DetailView.swift */; };
		F0FA75702C10913B00613D80 /* PokemonsModel.swift in Sources */ = {isa = PBXBuildFile; fileRef = F0FA756F2C10913B00613D80 /* PokemonsModel.swift */; };
		F0FA75732C1092D600613D80 /* Repository.swift in Sources */ = {isa = PBXBuildFile; fileRef = F0FA75722C1092D600613D80 /* Repository.swift */; };
		F0FA75752C1098ED00613D80 /* PokemonsVM.swift in Sources */ = {isa = PBXBuildFile; fileRef = F0FA75742C1098ED00613D80 /* PokemonsVM.swift */; };
		F0FA75782C10EE7200613D80 /* PokemonVM.swift in Sources */ = {isa = PBXBuildFile; fileRef = F0FA75772C10EE7200613D80 /* PokemonVM.swift */; };
		F0FA757A2C10EEA900613D80 /* PokemonModel.swift in Sources */ = {isa = PBXBuildFile; fileRef = F0FA75792C10EEA900613D80 /* PokemonModel.swift */; };
		F0FA757D2C12019F00613D80 /* Utils.swift in Sources */ = {isa = PBXBuildFile; fileRef = F0FA757C2C12019F00613D80 /* Utils.swift */; };
		F0FA75812C12034700613D80 /* PokemonsVMTest.swift in Sources */ = {isa = PBXBuildFile; fileRef = F0FA75802C12034700613D80 /* PokemonsVMTest.swift */; };
/* End PBXBuildFile section */

/* Begin PBXContainerItemProxy section */
		F0FA75472C0F4A3800613D80 /* PBXContainerItemProxy */ = {
			isa = PBXContainerItemProxy;
			containerPortal = F0FA75282C0F4A3500613D80 /* Project object */;
			proxyType = 1;
			remoteGlobalIDString = F0FA752F2C0F4A3500613D80;
			remoteInfo = Pokemon;
		};
/* End PBXContainerItemProxy section */

/* Begin PBXFileReference section */
		F096956D2C13884E00A1A10A /* Pokemon.xctestplan */ = {isa = PBXFileReference; lastKnownFileType = text; path = Pokemon.xctestplan; sourceTree = "<group>"; };
		F0E700002C122C9F00DE728F /* SnapshotTestConstants.swift */ = {isa = PBXFileReference; lastKnownFileType = sourcecode.swift; path = SnapshotTestConstants.swift; sourceTree = "<group>"; };
		F0E700072C13371200DE728F /* DetailViewControllerTest.swift */ = {isa = PBXFileReference; lastKnownFileType = sourcecode.swift; path = DetailViewControllerTest.swift; sourceTree = "<group>"; };
		F0E7000C2C1383F600DE728F /* PokemonMock.swift */ = {isa = PBXFileReference; lastKnownFileType = sourcecode.swift; path = PokemonMock.swift; sourceTree = "<group>"; };
		F0E7000E2C13844E00DE728F /* PokemonRepositoryMock.swift */ = {isa = PBXFileReference; lastKnownFileType = sourcecode.swift; path = PokemonRepositoryMock.swift; sourceTree = "<group>"; };
		F0E700102C13846E00DE728F /* PokemonVMMock.swift */ = {isa = PBXFileReference; lastKnownFileType = sourcecode.swift; path = PokemonVMMock.swift; sourceTree = "<group>"; };
		F0E7FFFB2C12257E00DE728F /* PokemonsRepositoryMock.swift */ = {isa = PBXFileReference; lastKnownFileType = sourcecode.swift; path = PokemonsRepositoryMock.swift; sourceTree = "<group>"; };
		F0E7FFFE2C122C2600DE728F /* TableViewControllerTest.swift */ = {isa = PBXFileReference; lastKnownFileType = sourcecode.swift; path = TableViewControllerTest.swift; sourceTree = "<group>"; };
		F0FA75302C0F4A3500613D80 /* Pokemon.app */ = {isa = PBXFileReference; explicitFileType = wrapper.application; includeInIndex = 0; path = Pokemon.app; sourceTree = BUILT_PRODUCTS_DIR; };
		F0FA75332C0F4A3500613D80 /* AppDelegate.swift */ = {isa = PBXFileReference; lastKnownFileType = sourcecode.swift; path = AppDelegate.swift; sourceTree = "<group>"; };
		F0FA75352C0F4A3500613D80 /* SceneDelegate.swift */ = {isa = PBXFileReference; lastKnownFileType = sourcecode.swift; path = SceneDelegate.swift; sourceTree = "<group>"; };
		F0FA75372C0F4A3500613D80 /* TableViewController.swift */ = {isa = PBXFileReference; lastKnownFileType = sourcecode.swift; path = TableViewController.swift; sourceTree = "<group>"; };
		F0FA753C2C0F4A3700613D80 /* Assets.xcassets */ = {isa = PBXFileReference; lastKnownFileType = folder.assetcatalog; path = Assets.xcassets; sourceTree = "<group>"; };
		F0FA753F2C0F4A3700613D80 /* Base */ = {isa = PBXFileReference; lastKnownFileType = file.storyboard; name = Base; path = Base.lproj/LaunchScreen.storyboard; sourceTree = "<group>"; };
		F0FA75412C0F4A3700613D80 /* Info.plist */ = {isa = PBXFileReference; lastKnownFileType = text.plist.xml; path = Info.plist; sourceTree = "<group>"; };
		F0FA75462C0F4A3800613D80 /* PokemonTests.xctest */ = {isa = PBXFileReference; explicitFileType = wrapper.cfbundle; includeInIndex = 0; path = PokemonTests.xctest; sourceTree = BUILT_PRODUCTS_DIR; };
		F0FA75642C0F4E6F00613D80 /* TableView.swift */ = {isa = PBXFileReference; lastKnownFileType = sourcecode.swift; path = TableView.swift; sourceTree = "<group>"; };
		F0FA75672C0F51D800613D80 /* CellView.swift */ = {isa = PBXFileReference; lastKnownFileType = sourcecode.swift; path = CellView.swift; sourceTree = "<group>"; };
		F0FA756A2C0F5A2800613D80 /* DetailViewController.swift */ = {isa = PBXFileReference; lastKnownFileType = sourcecode.swift; path = DetailViewController.swift; sourceTree = "<group>"; };
		F0FA756C2C0F5C2400613D80 /* DetailView.swift */ = {isa = PBXFileReference; lastKnownFileType = sourcecode.swift; path = DetailView.swift; sourceTree = "<group>"; };
		F0FA756F2C10913B00613D80 /* PokemonsModel.swift */ = {isa = PBXFileReference; lastKnownFileType = sourcecode.swift; path = PokemonsModel.swift; sourceTree = "<group>"; };
		F0FA75722C1092D600613D80 /* Repository.swift */ = {isa = PBXFileReference; lastKnownFileType = sourcecode.swift; path = Repository.swift; sourceTree = "<group>"; };
		F0FA75742C1098ED00613D80 /* PokemonsVM.swift */ = {isa = PBXFileReference; lastKnownFileType = sourcecode.swift; path = PokemonsVM.swift; sourceTree = "<group>"; };
		F0FA75772C10EE7200613D80 /* PokemonVM.swift */ = {isa = PBXFileReference; lastKnownFileType = sourcecode.swift; path = PokemonVM.swift; sourceTree = "<group>"; };
		F0FA75792C10EEA900613D80 /* PokemonModel.swift */ = {isa = PBXFileReference; lastKnownFileType = sourcecode.swift; path = PokemonModel.swift; sourceTree = "<group>"; };
		F0FA757C2C12019F00613D80 /* Utils.swift */ = {isa = PBXFileReference; lastKnownFileType = sourcecode.swift; path = Utils.swift; sourceTree = "<group>"; };
		F0FA75802C12034700613D80 /* PokemonsVMTest.swift */ = {isa = PBXFileReference; lastKnownFileType = sourcecode.swift; path = PokemonsVMTest.swift; sourceTree = "<group>"; };
/* End PBXFileReference section */

/* Begin PBXFrameworksBuildPhase section */
		F0FA752D2C0F4A3500613D80 /* Frameworks */ = {
			isa = PBXFrameworksBuildPhase;
			buildActionMask = 2147483647;
			files = (
			);
			runOnlyForDeploymentPostprocessing = 0;
		};
		F0FA75432C0F4A3800613D80 /* Frameworks */ = {
			isa = PBXFrameworksBuildPhase;
			buildActionMask = 2147483647;
			files = (
				F0E7FFF72C12051A00DE728F /* Quick in Frameworks */,
				F0E700062C1231A800DE728F /* SnapshotTesting in Frameworks */,
				F0E700042C1231A800DE728F /* InlineSnapshotTesting in Frameworks */,
				F0E7FFFA2C12053400DE728F /* Nimble in Frameworks */,
			);
			runOnlyForDeploymentPostprocessing = 0;
		};
/* End PBXFrameworksBuildPhase section */

/* Begin PBXGroup section */
		F0E700092C13839D00DE728F /* UItests */ = {
			isa = PBXGroup;
			children = (
				F0E700072C13371200DE728F /* DetailViewControllerTest.swift */,
				F0E7FFFE2C122C2600DE728F /* TableViewControllerTest.swift */,
				F0E700002C122C9F00DE728F /* SnapshotTestConstants.swift */,
			);
			path = UItests;
			sourceTree = "<group>";
		};
		F0E7000A2C1383AB00DE728F /* Mocks */ = {
			isa = PBXGroup;
			children = (
				F0E7FFFB2C12257E00DE728F /* PokemonsRepositoryMock.swift */,
				F0E7000E2C13844E00DE728F /* PokemonRepositoryMock.swift */,
				F0E700102C13846E00DE728F /* PokemonVMMock.swift */,
				F0E7000C2C1383F600DE728F /* PokemonMock.swift */,
			);
			path = Mocks;
			sourceTree = "<group>";
		};
		F0E7000B2C1383B500DE728F /* UnitTests */ = {
			isa = PBXGroup;
			children = (
				F0FA75802C12034700613D80 /* PokemonsVMTest.swift */,
			);
			name = UnitTests;
			sourceTree = "<group>";
		};
		F0FA75272C0F4A3500613D80 = {
			isa = PBXGroup;
			children = (
				F096956D2C13884E00A1A10A /* Pokemon.xctestplan */,
				F0FA75322C0F4A3500613D80 /* Pokemon */,
				F0FA75492C0F4A3800613D80 /* PokemonTests */,
				F0FA75312C0F4A3500613D80 /* Products */,
			);
			sourceTree = "<group>";
		};
		F0FA75312C0F4A3500613D80 /* Products */ = {
			isa = PBXGroup;
			children = (
				F0FA75302C0F4A3500613D80 /* Pokemon.app */,
				F0FA75462C0F4A3800613D80 /* PokemonTests.xctest */,
			);
			name = Products;
			sourceTree = "<group>";
		};
		F0FA75322C0F4A3500613D80 /* Pokemon */ = {
			isa = PBXGroup;
			children = (
				F0FA757B2C12019100613D80 /* Utils */,
				F0FA75712C1092A500613D80 /* Repository */,
				F0FA75762C10EE0E00613D80 /* VM */,
				F0FA756E2C10912500613D80 /* Models */,
				F0FA75692C0F5A0D00613D80 /* Detail */,
				F0FA75632C0F4DF100613D80 /* List */,
				F0FA75332C0F4A3500613D80 /* AppDelegate.swift */,
				F0FA75352C0F4A3500613D80 /* SceneDelegate.swift */,
				F0FA753C2C0F4A3700613D80 /* Assets.xcassets */,
				F0FA753E2C0F4A3700613D80 /* LaunchScreen.storyboard */,
				F0FA75412C0F4A3700613D80 /* Info.plist */,
			);
			path = Pokemon;
			sourceTree = "<group>";
		};
		F0FA75492C0F4A3800613D80 /* PokemonTests */ = {
			isa = PBXGroup;
			children = (
				F0E7000B2C1383B500DE728F /* UnitTests */,
				F0E7000A2C1383AB00DE728F /* Mocks */,
				F0E700092C13839D00DE728F /* UItests */,
			);
			path = PokemonTests;
			sourceTree = "<group>";
		};
		F0FA75632C0F4DF100613D80 /* List */ = {
			isa = PBXGroup;
			children = (
				F0FA75662C0F51BF00613D80 /* Item */,
				F0FA75372C0F4A3500613D80 /* TableViewController.swift */,
				F0FA75642C0F4E6F00613D80 /* TableView.swift */,
			);
			path = List;
			sourceTree = "<group>";
		};
		F0FA75662C0F51BF00613D80 /* Item */ = {
			isa = PBXGroup;
			children = (
				F0FA75672C0F51D800613D80 /* CellView.swift */,
			);
			path = Item;
			sourceTree = "<group>";
		};
		F0FA75692C0F5A0D00613D80 /* Detail */ = {
			isa = PBXGroup;
			children = (
				F0FA756A2C0F5A2800613D80 /* DetailViewController.swift */,
				F0FA756C2C0F5C2400613D80 /* DetailView.swift */,
			);
			path = Detail;
			sourceTree = "<group>";
		};
		F0FA756E2C10912500613D80 /* Models */ = {
			isa = PBXGroup;
			children = (
				F0FA756F2C10913B00613D80 /* PokemonsModel.swift */,
				F0FA75792C10EEA900613D80 /* PokemonModel.swift */,
			);
			path = Models;
			sourceTree = "<group>";
		};
		F0FA75712C1092A500613D80 /* Repository */ = {
			isa = PBXGroup;
			children = (
				F0FA75722C1092D600613D80 /* Repository.swift */,
			);
			path = Repository;
			sourceTree = "<group>";
		};
		F0FA75762C10EE0E00613D80 /* VM */ = {
			isa = PBXGroup;
			children = (
				F0FA75742C1098ED00613D80 /* PokemonsVM.swift */,
				F0FA75772C10EE7200613D80 /* PokemonVM.swift */,
			);
			path = VM;
			sourceTree = "<group>";
		};
		F0FA757B2C12019100613D80 /* Utils */ = {
			isa = PBXGroup;
			children = (
				F0FA757C2C12019F00613D80 /* Utils.swift */,
			);
			path = Utils;
			sourceTree = "<group>";
		};
/* End PBXGroup section */

/* Begin PBXNativeTarget section */
		F0FA752F2C0F4A3500613D80 /* Pokemon */ = {
			isa = PBXNativeTarget;
			buildConfigurationList = F0FA755A2C0F4A3800613D80 /* Build configuration list for PBXNativeTarget "Pokemon" */;
			buildPhases = (
				F0FA752C2C0F4A3500613D80 /* Sources */,
				F0FA752D2C0F4A3500613D80 /* Frameworks */,
				F0FA752E2C0F4A3500613D80 /* Resources */,
			);
			buildRules = (
			);
			dependencies = (
			);
			name = Pokemon;
			productName = Pokemon;
			productReference = F0FA75302C0F4A3500613D80 /* Pokemon.app */;
			productType = "com.apple.product-type.application";
		};
		F0FA75452C0F4A3800613D80 /* PokemonTests */ = {
			isa = PBXNativeTarget;
			buildConfigurationList = F0FA755D2C0F4A3800613D80 /* Build configuration list for PBXNativeTarget "PokemonTests" */;
			buildPhases = (
				F0FA75422C0F4A3800613D80 /* Sources */,
				F0FA75432C0F4A3800613D80 /* Frameworks */,
				F0FA75442C0F4A3800613D80 /* Resources */,
			);
			buildRules = (
			);
			dependencies = (
				F0FA75482C0F4A3800613D80 /* PBXTargetDependency */,
			);
			name = PokemonTests;
			packageProductDependencies = (
				F0E7FFF62C12051A00DE728F /* Quick */,
				F0E7FFF92C12053400DE728F /* Nimble */,
				F0E700032C1231A800DE728F /* InlineSnapshotTesting */,
				F0E700052C1231A800DE728F /* SnapshotTesting */,
			);
			productName = PokemonTests;
			productReference = F0FA75462C0F4A3800613D80 /* PokemonTests.xctest */;
			productType = "com.apple.product-type.bundle.unit-test";
		};
/* End PBXNativeTarget section */

/* Begin PBXProject section */
		F0FA75282C0F4A3500613D80 /* Project object */ = {
			isa = PBXProject;
			attributes = {
				BuildIndependentTargetsInParallel = 1;
				LastSwiftUpdateCheck = 1540;
				LastUpgradeCheck = 1540;
				TargetAttributes = {
					F0FA752F2C0F4A3500613D80 = {
						CreatedOnToolsVersion = 15.4;
					};
					F0FA75452C0F4A3800613D80 = {
						CreatedOnToolsVersion = 15.4;
						TestTargetID = F0FA752F2C0F4A3500613D80;
					};
				};
			};
			buildConfigurationList = F0FA752B2C0F4A3500613D80 /* Build configuration list for PBXProject "Pokemon" */;
			compatibilityVersion = "Xcode 14.0";
			developmentRegion = en;
			hasScannedForEncodings = 0;
			knownRegions = (
				en,
				Base,
			);
			mainGroup = F0FA75272C0F4A3500613D80;
			packageReferences = (
				F0E7FFF52C12051A00DE728F /* XCRemoteSwiftPackageReference "Quick" */,
				F0E7FFF82C12053400DE728F /* XCRemoteSwiftPackageReference "Nimble" */,
				F0E700022C1231A800DE728F /* XCRemoteSwiftPackageReference "swift-snapshot-testing" */,
			);
			productRefGroup = F0FA75312C0F4A3500613D80 /* Products */;
			projectDirPath = "";
			projectRoot = "";
			targets = (
				F0FA752F2C0F4A3500613D80 /* Pokemon */,
				F0FA75452C0F4A3800613D80 /* PokemonTests */,
			);
		};
/* End PBXProject section */

/* Begin PBXResourcesBuildPhase section */
		F0FA752E2C0F4A3500613D80 /* Resources */ = {
			isa = PBXResourcesBuildPhase;
			buildActionMask = 2147483647;
			files = (
				F0FA753D2C0F4A3700613D80 /* Assets.xcassets in Resources */,
				F0FA75402C0F4A3700613D80 /* Base in Resources */,
			);
			runOnlyForDeploymentPostprocessing = 0;
		};
		F0FA75442C0F4A3800613D80 /* Resources */ = {
			isa = PBXResourcesBuildPhase;
			buildActionMask = 2147483647;
			files = (
			);
			runOnlyForDeploymentPostprocessing = 0;
		};
/* End PBXResourcesBuildPhase section */

/* Begin PBXSourcesBuildPhase section */
		F0FA752C2C0F4A3500613D80 /* Sources */ = {
			isa = PBXSourcesBuildPhase;
			buildActionMask = 2147483647;
			files = (
				F0FA75652C0F4E6F00613D80 /* TableView.swift in Sources */,
				F0FA75382C0F4A3500613D80 /* TableViewController.swift in Sources */,
				F0FA75342C0F4A3500613D80 /* AppDelegate.swift in Sources */,
				F0FA75702C10913B00613D80 /* PokemonsModel.swift in Sources */,
				F0FA756D2C0F5C2400613D80 /* DetailView.swift in Sources */,
				F0FA757D2C12019F00613D80 /* Utils.swift in Sources */,
				F0FA756B2C0F5A2800613D80 /* DetailViewController.swift in Sources */,
				F0FA757A2C10EEA900613D80 /* PokemonModel.swift in Sources */,
				F0FA75752C1098ED00613D80 /* PokemonsVM.swift in Sources */,
				F0FA75732C1092D600613D80 /* Repository.swift in Sources */,
				F0FA75782C10EE7200613D80 /* PokemonVM.swift in Sources */,
				F0FA75682C0F51D800613D80 /* CellView.swift in Sources */,
				F0FA75362C0F4A3500613D80 /* SceneDelegate.swift in Sources */,
			);
			runOnlyForDeploymentPostprocessing = 0;
		};
		F0FA75422C0F4A3800613D80 /* Sources */ = {
			isa = PBXSourcesBuildPhase;
			buildActionMask = 2147483647;
			files = (
				F0E7000F2C13844E00DE728F /* PokemonRepositoryMock.swift in Sources */,
				F0E7FFFC2C12257E00DE728F /* PokemonsRepositoryMock.swift in Sources */,
				F0FA75812C12034700613D80 /* PokemonsVMTest.swift in Sources */,
				F096956F2C13888800A1A10A /* DetailViewControllerTest.swift in Sources */,
				F0E700112C13846E00DE728F /* PokemonVMMock.swift in Sources */,
				F0E7FFFF2C122C2600DE728F /* TableViewControllerTest.swift in Sources */,
				F0E700012C122C9F00DE728F /* SnapshotTestConstants.swift in Sources */,
				F0E7000D2C1383F600DE728F /* PokemonMock.swift in Sources */,
			);
			runOnlyForDeploymentPostprocessing = 0;
		};
/* End PBXSourcesBuildPhase section */

/* Begin PBXTargetDependency section */
		F0FA75482C0F4A3800613D80 /* PBXTargetDependency */ = {
			isa = PBXTargetDependency;
			target = F0FA752F2C0F4A3500613D80 /* Pokemon */;
			targetProxy = F0FA75472C0F4A3800613D80 /* PBXContainerItemProxy */;
		};
/* End PBXTargetDependency section */

/* Begin PBXVariantGroup section */
		F0FA753E2C0F4A3700613D80 /* LaunchScreen.storyboard */ = {
			isa = PBXVariantGroup;
			children = (
				F0FA753F2C0F4A3700613D80 /* Base */,
			);
			name = LaunchScreen.storyboard;
			sourceTree = "<group>";
		};
/* End PBXVariantGroup section */

/* Begin XCBuildConfiguration section */
		F0FA75582C0F4A3800613D80 /* Debug */ = {
			isa = XCBuildConfiguration;
			buildSettings = {
				ALWAYS_SEARCH_USER_PATHS = NO;
				ASSETCATALOG_COMPILER_GENERATE_SWIFT_ASSET_SYMBOL_EXTENSIONS = YES;
				CLANG_ANALYZER_NONNULL = YES;
				CLANG_ANALYZER_NUMBER_OBJECT_CONVERSION = YES_AGGRESSIVE;
				CLANG_CXX_LANGUAGE_STANDARD = "gnu++20";
				CLANG_ENABLE_MODULES = YES;
				CLANG_ENABLE_OBJC_ARC = YES;
				CLANG_ENABLE_OBJC_WEAK = YES;
				CLANG_WARN_BLOCK_CAPTURE_AUTORELEASING = YES;
				CLANG_WARN_BOOL_CONVERSION = YES;
				CLANG_WARN_COMMA = YES;
				CLANG_WARN_CONSTANT_CONVERSION = YES;
				CLANG_WARN_DEPRECATED_OBJC_IMPLEMENTATIONS = YES;
				CLANG_WARN_DIRECT_OBJC_ISA_USAGE = YES_ERROR;
				CLANG_WARN_DOCUMENTATION_COMMENTS = YES;
				CLANG_WARN_EMPTY_BODY = YES;
				CLANG_WARN_ENUM_CONVERSION = YES;
				CLANG_WARN_INFINITE_RECURSION = YES;
				CLANG_WARN_INT_CONVERSION = YES;
				CLANG_WARN_NON_LITERAL_NULL_CONVERSION = YES;
				CLANG_WARN_OBJC_IMPLICIT_RETAIN_SELF = YES;
				CLANG_WARN_OBJC_LITERAL_CONVERSION = YES;
				CLANG_WARN_OBJC_ROOT_CLASS = YES_ERROR;
				CLANG_WARN_QUOTED_INCLUDE_IN_FRAMEWORK_HEADER = YES;
				CLANG_WARN_RANGE_LOOP_ANALYSIS = YES;
				CLANG_WARN_STRICT_PROTOTYPES = YES;
				CLANG_WARN_SUSPICIOUS_MOVE = YES;
				CLANG_WARN_UNGUARDED_AVAILABILITY = YES_AGGRESSIVE;
				CLANG_WARN_UNREACHABLE_CODE = YES;
				CLANG_WARN__DUPLICATE_METHOD_MATCH = YES;
				COPY_PHASE_STRIP = NO;
				DEBUG_INFORMATION_FORMAT = dwarf;
				ENABLE_STRICT_OBJC_MSGSEND = YES;
				ENABLE_TESTABILITY = YES;
				ENABLE_USER_SCRIPT_SANDBOXING = YES;
				GCC_C_LANGUAGE_STANDARD = gnu17;
				GCC_DYNAMIC_NO_PIC = NO;
				GCC_NO_COMMON_BLOCKS = YES;
				GCC_OPTIMIZATION_LEVEL = 0;
				GCC_PREPROCESSOR_DEFINITIONS = (
					"DEBUG=1",
					"$(inherited)",
				);
				GCC_WARN_64_TO_32_BIT_CONVERSION = YES;
				GCC_WARN_ABOUT_RETURN_TYPE = YES_ERROR;
				GCC_WARN_UNDECLARED_SELECTOR = YES;
				GCC_WARN_UNINITIALIZED_AUTOS = YES_AGGRESSIVE;
				GCC_WARN_UNUSED_FUNCTION = YES;
				GCC_WARN_UNUSED_VARIABLE = YES;
				IPHONEOS_DEPLOYMENT_TARGET = 17.5;
				LOCALIZATION_PREFERS_STRING_CATALOGS = YES;
				MTL_ENABLE_DEBUG_INFO = INCLUDE_SOURCE;
				MTL_FAST_MATH = YES;
				ONLY_ACTIVE_ARCH = YES;
				SDKROOT = iphoneos;
				SWIFT_ACTIVE_COMPILATION_CONDITIONS = "DEBUG $(inherited)";
				SWIFT_OPTIMIZATION_LEVEL = "-Onone";
			};
			name = Debug;
		};
		F0FA75592C0F4A3800613D80 /* Release */ = {
			isa = XCBuildConfiguration;
			buildSettings = {
				ALWAYS_SEARCH_USER_PATHS = NO;
				ASSETCATALOG_COMPILER_GENERATE_SWIFT_ASSET_SYMBOL_EXTENSIONS = YES;
				CLANG_ANALYZER_NONNULL = YES;
				CLANG_ANALYZER_NUMBER_OBJECT_CONVERSION = YES_AGGRESSIVE;
				CLANG_CXX_LANGUAGE_STANDARD = "gnu++20";
				CLANG_ENABLE_MODULES = YES;
				CLANG_ENABLE_OBJC_ARC = YES;
				CLANG_ENABLE_OBJC_WEAK = YES;
				CLANG_WARN_BLOCK_CAPTURE_AUTORELEASING = YES;
				CLANG_WARN_BOOL_CONVERSION = YES;
				CLANG_WARN_COMMA = YES;
				CLANG_WARN_CONSTANT_CONVERSION = YES;
				CLANG_WARN_DEPRECATED_OBJC_IMPLEMENTATIONS = YES;
				CLANG_WARN_DIRECT_OBJC_ISA_USAGE = YES_ERROR;
				CLANG_WARN_DOCUMENTATION_COMMENTS = YES;
				CLANG_WARN_EMPTY_BODY = YES;
				CLANG_WARN_ENUM_CONVERSION = YES;
				CLANG_WARN_INFINITE_RECURSION = YES;
				CLANG_WARN_INT_CONVERSION = YES;
				CLANG_WARN_NON_LITERAL_NULL_CONVERSION = YES;
				CLANG_WARN_OBJC_IMPLICIT_RETAIN_SELF = YES;
				CLANG_WARN_OBJC_LITERAL_CONVERSION = YES;
				CLANG_WARN_OBJC_ROOT_CLASS = YES_ERROR;
				CLANG_WARN_QUOTED_INCLUDE_IN_FRAMEWORK_HEADER = YES;
				CLANG_WARN_RANGE_LOOP_ANALYSIS = YES;
				CLANG_WARN_STRICT_PROTOTYPES = YES;
				CLANG_WARN_SUSPICIOUS_MOVE = YES;
				CLANG_WARN_UNGUARDED_AVAILABILITY = YES_AGGRESSIVE;
				CLANG_WARN_UNREACHABLE_CODE = YES;
				CLANG_WARN__DUPLICATE_METHOD_MATCH = YES;
				COPY_PHASE_STRIP = NO;
				DEBUG_INFORMATION_FORMAT = "dwarf-with-dsym";
				ENABLE_NS_ASSERTIONS = NO;
				ENABLE_STRICT_OBJC_MSGSEND = YES;
				ENABLE_USER_SCRIPT_SANDBOXING = YES;
				GCC_C_LANGUAGE_STANDARD = gnu17;
				GCC_NO_COMMON_BLOCKS = YES;
				GCC_WARN_64_TO_32_BIT_CONVERSION = YES;
				GCC_WARN_ABOUT_RETURN_TYPE = YES_ERROR;
				GCC_WARN_UNDECLARED_SELECTOR = YES;
				GCC_WARN_UNINITIALIZED_AUTOS = YES_AGGRESSIVE;
				GCC_WARN_UNUSED_FUNCTION = YES;
				GCC_WARN_UNUSED_VARIABLE = YES;
				IPHONEOS_DEPLOYMENT_TARGET = 17.5;
				LOCALIZATION_PREFERS_STRING_CATALOGS = YES;
				MTL_ENABLE_DEBUG_INFO = NO;
				MTL_FAST_MATH = YES;
				SDKROOT = iphoneos;
				SWIFT_COMPILATION_MODE = wholemodule;
				VALIDATE_PRODUCT = YES;
			};
			name = Release;
		};
		F0FA755B2C0F4A3800613D80 /* Debug */ = {
			isa = XCBuildConfiguration;
			buildSettings = {
				ASSETCATALOG_COMPILER_APPICON_NAME = AppIcon;
				ASSETCATALOG_COMPILER_GLOBAL_ACCENT_COLOR_NAME = AccentColor;
				CODE_SIGN_STYLE = Automatic;
				CURRENT_PROJECT_VERSION = 1;
				DEVELOPMENT_TEAM = 7MVAWZXNF7;
				GENERATE_INFOPLIST_FILE = YES;
				INFOPLIST_FILE = Pokemon/Info.plist;
				INFOPLIST_KEY_UIApplicationSupportsIndirectInputEvents = YES;
				INFOPLIST_KEY_UILaunchStoryboardName = LaunchScreen;
				INFOPLIST_KEY_UISupportedInterfaceOrientations_iPad = "UIInterfaceOrientationPortrait UIInterfaceOrientationPortraitUpsideDown UIInterfaceOrientationLandscapeLeft UIInterfaceOrientationLandscapeRight";
				INFOPLIST_KEY_UISupportedInterfaceOrientations_iPhone = "UIInterfaceOrientationPortrait UIInterfaceOrientationLandscapeLeft UIInterfaceOrientationLandscapeRight";
				LD_RUNPATH_SEARCH_PATHS = (
					"$(inherited)",
					"@executable_path/Frameworks",
				);
				MARKETING_VERSION = 1.0;
				PRODUCT_BUNDLE_IDENTIFIER = "Ignacio-Mendez.Pokemon";
				PRODUCT_NAME = "$(TARGET_NAME)";
				SWIFT_EMIT_LOC_STRINGS = YES;
				SWIFT_VERSION = 5.0;
				TARGETED_DEVICE_FAMILY = "1,2";
			};
			name = Debug;
		};
		F0FA755C2C0F4A3800613D80 /* Release */ = {
			isa = XCBuildConfiguration;
			buildSettings = {
				ASSETCATALOG_COMPILER_APPICON_NAME = AppIcon;
				ASSETCATALOG_COMPILER_GLOBAL_ACCENT_COLOR_NAME = AccentColor;
				CODE_SIGN_STYLE = Automatic;
				CURRENT_PROJECT_VERSION = 1;
				DEVELOPMENT_TEAM = 7MVAWZXNF7;
				GENERATE_INFOPLIST_FILE = YES;
				INFOPLIST_FILE = Pokemon/Info.plist;
				INFOPLIST_KEY_UIApplicationSupportsIndirectInputEvents = YES;
				INFOPLIST_KEY_UILaunchStoryboardName = LaunchScreen;
				INFOPLIST_KEY_UISupportedInterfaceOrientations_iPad = "UIInterfaceOrientationPortrait UIInterfaceOrientationPortraitUpsideDown UIInterfaceOrientationLandscapeLeft UIInterfaceOrientationLandscapeRight";
				INFOPLIST_KEY_UISupportedInterfaceOrientations_iPhone = "UIInterfaceOrientationPortrait UIInterfaceOrientationLandscapeLeft UIInterfaceOrientationLandscapeRight";
				LD_RUNPATH_SEARCH_PATHS = (
					"$(inherited)",
					"@executable_path/Frameworks",
				);
				MARKETING_VERSION = 1.0;
				PRODUCT_BUNDLE_IDENTIFIER = "Ignacio-Mendez.Pokemon";
				PRODUCT_NAME = "$(TARGET_NAME)";
				SWIFT_EMIT_LOC_STRINGS = YES;
				SWIFT_VERSION = 5.0;
				TARGETED_DEVICE_FAMILY = "1,2";
			};
			name = Release;
		};
		F0FA755E2C0F4A3800613D80 /* Debug */ = {
			isa = XCBuildConfiguration;
			buildSettings = {
				ALWAYS_EMBED_SWIFT_STANDARD_LIBRARIES = YES;
				BUNDLE_LOADER = "$(TEST_HOST)";
				CODE_SIGN_STYLE = Automatic;
				CURRENT_PROJECT_VERSION = 1;
				DEVELOPMENT_TEAM = 7MVAWZXNF7;
				GENERATE_INFOPLIST_FILE = YES;
				IPHONEOS_DEPLOYMENT_TARGET = 17.5;
				MARKETING_VERSION = 1.0;
				PRODUCT_BUNDLE_IDENTIFIER = "Ignacio-Mendez.PokemonTests";
				PRODUCT_NAME = "$(TARGET_NAME)";
				SWIFT_EMIT_LOC_STRINGS = NO;
				SWIFT_VERSION = 5.0;
				TARGETED_DEVICE_FAMILY = "1,2";
				TEST_HOST = "$(BUILT_PRODUCTS_DIR)/Pokemon.app/$(BUNDLE_EXECUTABLE_FOLDER_PATH)/Pokemon";
			};
			name = Debug;
		};
		F0FA755F2C0F4A3800613D80 /* Release */ = {
			isa = XCBuildConfiguration;
			buildSettings = {
				ALWAYS_EMBED_SWIFT_STANDARD_LIBRARIES = YES;
				BUNDLE_LOADER = "$(TEST_HOST)";
				CODE_SIGN_STYLE = Automatic;
				CURRENT_PROJECT_VERSION = 1;
				DEVELOPMENT_TEAM = 7MVAWZXNF7;
				GENERATE_INFOPLIST_FILE = YES;
				IPHONEOS_DEPLOYMENT_TARGET = 17.5;
				MARKETING_VERSION = 1.0;
				PRODUCT_BUNDLE_IDENTIFIER = "Ignacio-Mendez.PokemonTests";
				PRODUCT_NAME = "$(TARGET_NAME)";
				SWIFT_EMIT_LOC_STRINGS = NO;
				SWIFT_VERSION = 5.0;
				TARGETED_DEVICE_FAMILY = "1,2";
				TEST_HOST = "$(BUILT_PRODUCTS_DIR)/Pokemon.app/$(BUNDLE_EXECUTABLE_FOLDER_PATH)/Pokemon";
			};
			name = Release;
		};
/* End XCBuildConfiguration section */

/* Begin XCConfigurationList section */
		F0FA752B2C0F4A3500613D80 /* Build configuration list for PBXProject "Pokemon" */ = {
			isa = XCConfigurationList;
			buildConfigurations = (
				F0FA75582C0F4A3800613D80 /* Debug */,
				F0FA75592C0F4A3800613D80 /* Release */,
			);
			defaultConfigurationIsVisible = 0;
			defaultConfigurationName = Release;
		};
		F0FA755A2C0F4A3800613D80 /* Build configuration list for PBXNativeTarget "Pokemon" */ = {
			isa = XCConfigurationList;
			buildConfigurations = (
				F0FA755B2C0F4A3800613D80 /* Debug */,
				F0FA755C2C0F4A3800613D80 /* Release */,
			);
			defaultConfigurationIsVisible = 0;
			defaultConfigurationName = Release;
		};
		F0FA755D2C0F4A3800613D80 /* Build configuration list for PBXNativeTarget "PokemonTests" */ = {
			isa = XCConfigurationList;
			buildConfigurations = (
				F0FA755E2C0F4A3800613D80 /* Debug */,
				F0FA755F2C0F4A3800613D80 /* Release */,
			);
			defaultConfigurationIsVisible = 0;
			defaultConfigurationName = Release;
		};
/* End XCConfigurationList section */

/* Begin XCRemoteSwiftPackageReference section */
		F0E700022C1231A800DE728F /* XCRemoteSwiftPackageReference "swift-snapshot-testing" */ = {
			isa = XCRemoteSwiftPackageReference;
			repositoryURL = "https://github.com/pointfreeco/swift-snapshot-testing";
			requirement = {
				kind = upToNextMajorVersion;
				minimumVersion = 1.16.0;
			};
		};
		F0E7FFF52C12051A00DE728F /* XCRemoteSwiftPackageReference "Quick" */ = {
			isa = XCRemoteSwiftPackageReference;
			repositoryURL = "https://github.com/Quick/Quick.git";
			requirement = {
				branch = main;
				kind = branch;
			};
		};
		F0E7FFF82C12053400DE728F /* XCRemoteSwiftPackageReference "Nimble" */ = {
			isa = XCRemoteSwiftPackageReference;
			repositoryURL = "https://github.com/Quick/Nimble.git";
			requirement = {
				branch = main;
				kind = branch;
			};
		};
/* End XCRemoteSwiftPackageReference section */

/* Begin XCSwiftPackageProductDependency section */
		F0E700032C1231A800DE728F /* InlineSnapshotTesting */ = {
			isa = XCSwiftPackageProductDependency;
			package = F0E700022C1231A800DE728F /* XCRemoteSwiftPackageReference "swift-snapshot-testing" */;
			productName = InlineSnapshotTesting;
		};
		F0E700052C1231A800DE728F /* SnapshotTesting */ = {
			isa = XCSwiftPackageProductDependency;
			package = F0E700022C1231A800DE728F /* XCRemoteSwiftPackageReference "swift-snapshot-testing" */;
			productName = SnapshotTesting;
		};
		F0E7FFF62C12051A00DE728F /* Quick */ = {
			isa = XCSwiftPackageProductDependency;
			package = F0E7FFF52C12051A00DE728F /* XCRemoteSwiftPackageReference "Quick" */;
			productName = Quick;
		};
		F0E7FFF92C12053400DE728F /* Nimble */ = {
			isa = XCSwiftPackageProductDependency;
			package = F0E7FFF82C12053400DE728F /* XCRemoteSwiftPackageReference "Nimble" */;
			productName = Nimble;
		};
/* End XCSwiftPackageProductDependency section */
	};
	rootObject = F0FA75282C0F4A3500613D80 /* Project object */;
}
